{
  "name": "opentag-harness-build",
  "version": "0.0.0",
  "lockfileVersion": 3,
  "requires": true,
  "packages": {
    "": {
      "name": "opentag-harness-build",
      "version": "0.0.0",
      "dependencies": {
        "@anthropic-ai/claude-code": "2.1.154"
      },
      "devDependencies": {
        "@types/node": "20.17.30",
        "typescript": "5.6.3"
      }
    },
    "node_modules/@anthropic-ai/claude-code": {
      "version": "2.1.154",
      "resolved": "https://registry.npmjs.org/@anthropic-ai/claude-code/-/claude-code-2.1.154.tgz",
      "integrity": "sha512-1LSc7Jtm7Jy/GgqzoC4jDtTeV4GphGdB2+r49QDJnDa4fDsJfxVHR4TQNETeyNtGw/uD1+voo7f2Vhjldyqe8w==",
      "hasInstallScript": true,
      "license": "SEE LICENSE IN README.md",
      "bin": {
        "claude": "bin/claude.exe"
      },
      "engines": {
        "node": ">=18.0.0"
      },
      "optionalDependencies": {
        "@anthropic-ai/claude-code-darwin-arm64": "2.1.154",
        "@anthropic-ai/claude-code-darwin-x64": "2.1.154",
        "@anthropic-ai/claude-code-linux-arm64": "2.1.154",
        "@anthropic-ai/claude-code-linux-arm64-musl": "2.1.154",
        "@anthropic-ai/claude-code-linux-x64": "2.1.154",
        "@anthropic-ai/claude-code-linux-x64-musl": "2.1.154",
        "@anthropic-ai/claude-code-win32-arm64": "2.1.154",
        "@anthropic-ai/claude-code-win32-x64": "2.1.154"
      }
    },
    "node_modules/@anthropic-ai/claude-code-darwin-arm64": {
      "version": "2.1.154",
      "resolved": "https://registry.npmjs.org/@anthropic-ai/claude-code-darwin-arm64/-/claude-code-darwin-arm64-2.1.154.tgz",
      "integrity": "sha512-/oZeZPtEeAzgQHWMaIyYsh8te+wnUitfJkasBjANq1vYGZe6tpRNp6s51/iWPwLebid6Pe4ioqWvowtRwg6G2Q==",
      "cpu": [
        "arm64"
      ],
      "license": "SEE LICENSE IN LICENSE.md",
      "optional": true,
      "os": [
        "darwin"
      ]
    },
    "node_modules/@anthropic-ai/claude-code-darwin-x64": {
      "version": "2.1.154",
      "resolved": "https://registry.npmjs.org/@anthropic-ai/claude-code-darwin-x64/-/claude-code-darwin-x64-2.1.154.tgz",
      "integrity": "sha512-Iai2FUf/xd5AwSruM/TBlEBdqApfNhBY4bdMGgfTZdPW8uwNPPMyrDV1xPpg9Ne1hd+7pU3Rp35b3genzk+CaA==",
      "cpu": [
        "x64"
      ],
      "license": "SEE LICENSE IN LICENSE.md",
      "optional": true,
      "os": [
        "darwin"
      ]
    },
    "node_modules/@anthropic-ai/claude-code-linux-arm64": {
      "version": "2.1.154",
      "resolved": "https://registry.npmjs.org/@anthropic-ai/claude-code-linux-arm64/-/claude-code-linux-arm64-2.1.154.tgz",
      "integrity": "sha512-kUx+agGdSbKdSUPPWxq8O/4XsbGrMDQ89APe/vb4jvsCnt5hQAPWYd+gMaspL/QlvHd77wd8BJf5+fuqt5ck4g==",
      "cpu": [
        "arm64"
      ],
      "license": "SEE LICENSE IN LICENSE.md",
      "optional": true,
      "os": [
        "linux"
      ]
    },
    "node_modules/@anthropic-ai/claude-code-linux-arm64-musl": {
      "version": "2.1.154",
      "resolved": "https://registry.npmjs.org/@anthropic-ai/claude-code-linux-arm64-musl/-/claude-code-linux-arm64-musl-2.1.154.tgz",
      "integrity": "sha512-PwxQfvGVa56CuT0AAJZSH+yPNDvQgFOM8/a5DIpsjlN6VAtcZWvV4hkD8UhpAVpWJLkEICI9B2U/1YGfcRRz4w==",
      "cpu": [
        "arm64"
      ],
      "license": "SEE LICENSE IN LICENSE.md",
      "optional": true,
      "os": [
        "linux"
      ]
    },
    "node_modules/@anthropic-ai/claude-code-linux-x64": {
      "version": "2.1.154",
      "resolved": "https://registry.npmjs.org/@anthropic-ai/claude-code-linux-x64/-/claude-code-linux-x64-2.1.154.tgz",
      "integrity": "sha512-AQxDm3rhPLnS5DLKYYUUSC4G40Fgc/zD7yOSTFyGvLLtI7S9Enuj8ltxVNWAQqF5U6mdWvnjuu8hZS1Ftk1IaQ==",
      "cpu": [
        "x64"
      ],
      "license": "SEE LICENSE IN LICENSE.md",
      "optional": true,
      "os": [
        "linux"
      ]
    },
    "node_modules/@anthropic-ai/claude-code-linux-x64-musl": {
      "version": "2.1.154",
      "resolved": "https://registry.npmjs.org/@anthropic-ai/claude-code-linux-x64-musl/-/claude-code-linux-x64-musl-2.1.154.tgz",
      "integrity": "sha512-XO6/peeBZWaPujCyRMYBS1zKXD1koJWz4LB7oJ/hUnvZ4l4NALesVWzZ8N8Hn9Sc0+wm3DK8zZMS6yG4tk6aXQ==",
      "cpu": [
        "x64"
      ],
      "license": "SEE LICENSE IN LICENSE.md",
      "optional": true,
      "os": [
        "linux"
      ]
    },
    "node_modules/@anthropic-ai/claude-code-win32-arm64": {
      "version": "2.1.154",
      "resolved": "https://registry.npmjs.org/@anthropic-ai/claude-code-win32-arm64/-/claude-code-win32-arm64-2.1.154.tgz",
      "integrity": "sha512-CSNmhIgDWqjts60Yf6DUSnlCGMGhMZilbokgFFqj8XYqWrBtcVp6w8vGC6rQtI3jTM9ZYdAIFm8Jw8ZISwF0tA==",
      "cpu": [
        "arm64"
      ],
      "license": "SEE LICENSE IN LICENSE.md",
      "optional": true,
      "os": [
        "win32"
      ]
    },
    "node_modules/@anthropic-ai/claude-code-win32-x64": {
      "version": "2.1.154",
      "resolved": "https://registry.npmjs.org/@anthropic-ai/claude-code-win32-x64/-/claude-code-win32-x64-2.1.154.tgz",
      "integrity": "sha512-VblD2yuEPT0Bx0gdjkClIiWKueMJdIW41xF+WXnRsIyjrsWbBphK+i19jiW+SRYIA73l20T0hbW2RHV60xeuug==",
      "cpu": [
        "x64"
      ],
      "license": "SEE LICENSE IN LICENSE.md",
      "optional": true,
      "os": [
        "win32"
      ]
    },
    "node_modules/@types/node": {
      "version": "20.17.30",
      "resolved": "https://registry.npmjs.org/@types/node/-/node-20.17.30.tgz",
      "integrity": "sha512-7zf4YyHA+jvBNfVrk2Gtvs6x7E8V+YDW05bNfG2XkWDJfYRXrTiP/DsB2zSYTaHX0bGIujTBQdMVAhb+j7mwpg==",
      "dev": true,
      "license": "MIT",
      "dependencies": {
        "undici-types": "~6.19.2"
      }
    },
    "node_modules/typescript": {
      "version": "5.6.3",
      "resolved": "https://registry.npmjs.org/typescript/-/typescript-5.6.3.tgz",
      "integrity": "sha512-hjcS1mhfuyi4WW8IWtjP7brDrG2cuDZukyrYrSauoXGNgx0S7zceP07adYkJycEr56BOUTNPzbInooiN3fn1qw==",
      "dev": true,
      "license": "Apache-2.0",
      "bin": {
        "tsc": "bin/tsc",
        "tsserver": "bin/tsserver"
      },
      "engines": {
        "node": ">=14.17"
      }
    },
    "node_modules/undici-types": {
      "version": "6.19.8",
      "resolved": "https://registry.npmjs.org/undici-types/-/undici-types-6.19.8.tgz",
      "integrity": "sha512-ve2KP6f/JnbPBFyobGHuerC9g1FYGn/F8n1LWTwNxCEzd6IfqTwUQcNXgEtmmQ6DlRrC1hrSrBnCZPokRrDHjw==",
      "dev": true,
      "license": "MIT"
    }
  }
}
